
Microsoft Visual Studio Solution File, Format Version 12.00
# Visual Studio Version 17
VisualStudioVersion = 17.0.31919.166
MinimumVisualStudioVersion = 10.0.40219.1
Project("{FAE04EC0-301F-11D3-BF4B-00C04F79EFBC}") = "DensanVerse.Server", "src\DensanVerse.Server\DensanVerse.Server.csproj", "{B30A6839-4134-418D-AC74-BABDEA28B16F}"
EndProject
Project("{FAE04EC0-301F-11D3-BF4B-00C04F79EFBC}") = "DensanVerse.Shared", "src\DensanVerse.Shared\DensanVerse.Shared.csproj", "{521041CE-9640-4109-B54C-255F08FD1E71}"
EndProject
Global
	GlobalSection(SolutionConfigurationPlatforms) = preSolution
		Debug|Any CPU = Debug|Any CPU
		Release|Any CPU = Release|Any CPU
	EndGlobalSection
	GlobalSection(ProjectConfigurationPlatforms) = postSolution
		{B30A6839-4134-418D-AC74-BABDEA28B16F}.Debug|Any CPU.ActiveCfg = Debug|Any CPU
		{B30A6839-4134-418D-AC74-BABDEA28B16F}.Debug|Any CPU.Build.0 = Debug|Any CPU
		{B30A6839-4134-418D-AC74-BABDEA28B16F}.Release|Any CPU.ActiveCfg = Release|Any CPU
		{B30A6839-4134-418D-AC74-BABDEA28B16F}.Release|Any CPU.Build.0 = Release|Any CPU
		{521041CE-9640-4109-B54C-255F08FD1E71}.Debug|Any CPU.ActiveCfg = Debug|Any CPU
		{521041CE-9640-4109-B54C-255F08FD1E71}.Debug|Any CPU.Build.0 = Debug|Any CPU
		{521041CE-9640-4109-B54C-255F08FD1E71}.Release|Any CPU.ActiveCfg = Release|Any CPU
		{521041CE-9640-4109-B54C-255F08FD1E71}.Release|Any CPU.Build.0 = Release|Any CPU
	EndGlobalSection
	GlobalSection(SolutionProperties) = preSolution
		HideSolutionNode = FALSE
	EndGlobalSection
	GlobalSection(ExtensibilityGlobals) = postSolution
		SolutionGuid = {5A22C1C2-04F0-4A74-9294-706B7E8C941A}
	EndGlobalSection
EndGlobal
